
Microsoft Visual Studio Solution File, Format Version 12.00
# Visual Studio Version 17
VisualStudioVersion = 17.5.33516.290
MinimumVisualStudioVersion = 10.0.40219.1
Project("{FAE04EC0-301F-11D3-BF4B-00C04F79EFBC}") = "AOC23", "AOC23.csproj", "{F470EB69-0719-43DC-B8AF-D6897FC0C4DB}"
EndProject
Global
	GlobalSection(SolutionConfigurationPlatforms) = preSolution
		Debug|Any CPU = Debug|Any CPU
		Release|Any CPU = Release|Any CPU
	EndGlobalSection
	GlobalSection(ProjectConfigurationPlatforms) = postSolution
		{F470EB69-0719-43DC-B8AF-D6897FC0C4DB}.Debug|Any CPU.ActiveCfg = Debug|Any CPU
		{F470EB69-0719-43DC-B8AF-D6897FC0C4DB}.Debug|Any CPU.Build.0 = Debug|Any CPU
		{F470EB69-0719-43DC-B8AF-D6897FC0C4DB}.Release|Any CPU.ActiveCfg = Release|Any CPU
		{F470EB69-0719-43DC-B8AF-D6897FC0C4DB}.Release|Any CPU.Build.0 = Release|Any CPU
	EndGlobalSection
	GlobalSection(SolutionProperties) = preSolution
		HideSolutionNode = FALSE
	EndGlobalSection
	GlobalSection(ExtensibilityGlobals) = postSolution
		SolutionGuid = {C56EC754-61F0-415F-83A9-48E6C50E4F39}
	EndGlobalSection
EndGlobal
